
Microsoft Visual Studio Solution File, Format Version 12.00
# Visual Studio Version 17
VisualStudioVersion = 17.7.34031.279
MinimumVisualStudioVersion = 10.0.40219.1
Project("{FAE04EC0-301F-11D3-BF4B-00C04F79EFBC}") = "Palindrome_Number", "Palindrome_Number\Palindrome_Number.csproj", "{975891B8-8C49-49AB-84AD-3EEAE0665446}"
EndProject
Global
	GlobalSection(SolutionConfigurationPlatforms) = preSolution
		Debug|Any CPU = Debug|Any CPU
		Release|Any CPU = Release|Any CPU
	EndGlobalSection
	GlobalSection(ProjectConfigurationPlatforms) = postSolution
		{975891B8-8C49-49AB-84AD-3EEAE0665446}.Debug|Any CPU.ActiveCfg = Debug|Any CPU
		{975891B8-8C49-49AB-84AD-3EEAE0665446}.Debug|Any CPU.Build.0 = Debug|Any CPU
		{975891B8-8C49-49AB-84AD-3EEAE0665446}.Release|Any CPU.ActiveCfg = Release|Any CPU
		{975891B8-8C49-49AB-84AD-3EEAE0665446}.Release|Any CPU.Build.0 = Release|Any CPU
	EndGlobalSection
	GlobalSection(SolutionProperties) = preSolution
		HideSolutionNode = FALSE
	EndGlobalSection
	GlobalSection(ExtensibilityGlobals) = postSolution
		SolutionGuid = {407E67F9-E24A-405F-B29D-5BDE73D80050}
	EndGlobalSection
EndGlobal
